
Microsoft Visual Studio Solution File, Format Version 12.00
# Visual Studio 14
VisualStudioVersion = 14.0.25420.1
MinimumVisualStudioVersion = 10.0.40219.1
Project("{FAE04EC0-301F-11D3-BF4B-00C04F79EFBC}") = "DeveloperInterview.Database", "DeveloperInterview.Database\DeveloperInterview.Database.csproj", "{EB99ADC4-728D-43C5-AB9A-B806694D65D7}"
EndProject
Project("{FAE04EC0-301F-11D3-BF4B-00C04F79EFBC}") = "DeveloperInterview.Website", "DeveloperInterview.Website\DeveloperInterview.Website.csproj", "{C47E8ED0-4852-49D3-A630-FFD4C693C394}"
EndProject
Global
	GlobalSection(SolutionConfigurationPlatforms) = preSolution
		Debug|Any CPU = Debug|Any CPU
		Release|Any CPU = Release|Any CPU
	EndGlobalSection
	GlobalSection(ProjectConfigurationPlatforms) = postSolution
		{EB99ADC4-728D-43C5-AB9A-B806694D65D7}.Debug|Any CPU.ActiveCfg = Debug|Any CPU
		{EB99ADC4-728D-43C5-AB9A-B806694D65D7}.Debug|Any CPU.Build.0 = Debug|Any CPU
		{EB99ADC4-728D-43C5-AB9A-B806694D65D7}.Release|Any CPU.ActiveCfg = Release|Any CPU
		{EB99ADC4-728D-43C5-AB9A-B806694D65D7}.Release|Any CPU.Build.0 = Release|Any CPU
		{C47E8ED0-4852-49D3-A630-FFD4C693C394}.Debug|Any CPU.ActiveCfg = Debug|Any CPU
		{C47E8ED0-4852-49D3-A630-FFD4C693C394}.Debug|Any CPU.Build.0 = Debug|Any CPU
		{C47E8ED0-4852-49D3-A630-FFD4C693C394}.Release|Any CPU.ActiveCfg = Release|Any CPU
		{C47E8ED0-4852-49D3-A630-FFD4C693C394}.Release|Any CPU.Build.0 = Release|Any CPU
	EndGlobalSection
	GlobalSection(SolutionProperties) = preSolution
		HideSolutionNode = FALSE
	EndGlobalSection
EndGlobal
